// !$*UTF8*$!
{
	archiveVersion = 1;
	classes = {
	};
	objectVersion = 46;
	objects = {

/* Begin PBXBuildFile section */
		5584D7381D567C0100395185 /* AppDelegate.swift in Sources */ = {isa = PBXBuildFile; fileRef = 5584D7371D567C0100395185 /* AppDelegate.swift */; };
		5584D73A1D567C0100395185 /* FirstViewController.swift in Sources */ = {isa = PBXBuildFile; fileRef = 5584D7391D567C0100395185 /* FirstViewController.swift */; };
		5584D73C1D567C0100395185 /* SecondViewController.swift in Sources */ = {isa = PBXBuildFile; fileRef = 5584D73B1D567C0100395185 /* SecondViewController.swift */; };
		5584D73F1D567C0200395185 /* Main.storyboard in Resources */ = {isa = PBXBuildFile; fileRef = 5584D73D1D567C0200395185 /* Main.storyboard */; };
		5584D7411D567C0200395185 /* Assets.xcassets in Resources */ = {isa = PBXBuildFile; fileRef = 5584D7401D567C0200395185 /* Assets.xcassets */; };
		5584D7441D567C0200395185 /* LaunchScreen.storyboard in Resources */ = {isa = PBXBuildFile; fileRef = 5584D7421D567C0200395185 /* LaunchScreen.storyboard */; };
		5584D74F1D567C0200395185 /* To_Do_ListTests.swift in Sources */ = {isa = PBXBuildFile; fileRef = 5584D74E1D567C0200395185 /* To_Do_ListTests.swift */; };
		5584D75A1D567C0200395185 /* To_Do_ListUITests.swift in Sources */ = {isa = PBXBuildFile; fileRef = 5584D7591D567C0200395185 /* To_Do_ListUITests.swift */; };
/* End PBXBuildFile section */

/* Begin PBXContainerItemProxy section */
		5584D74B1D567C0200395185 /* PBXContainerItemProxy */ = {
			isa = PBXContainerItemProxy;
			containerPortal = 5584D72C1D567C0000395185 /* Project object */;
			proxyType = 1;
			remoteGlobalIDString = 5584D7331D567C0000395185;
			remoteInfo = "To Do List";
		};
		5584D7561D567C0200395185 /* PBXContainerItemProxy */ = {
			isa = PBXContainerItemProxy;
			containerPortal = 5584D72C1D567C0000395185 /* Project object */;
			proxyType = 1;
			remoteGlobalIDString = 5584D7331D567C0000395185;
			remoteInfo = "To Do List";
		};
/* End PBXContainerItemProxy section */

/* Begin PBXFileReference section */
		5584D7341D567C0100395185 /* To Do List.app */ = {isa = PBXFileReference; explicitFileType = wrapper.application; includeInIndex = 0; path = "To Do List.app"; sourceTree = BUILT_PRODUCTS_DIR; };
		5584D7371D567C0100395185 /* AppDelegate.swift */ = {isa = PBXFileReference; lastKnownFileType = sourcecode.swift; path = AppDelegate.swift; sourceTree = "<group>"; };
		5584D7391D567C0100395185 /* FirstViewController.swift */ = {isa = PBXFileReference; lastKnownFileType = sourcecode.swift; path = FirstViewController.swift; sourceTree = "<group>"; };
		5584D73B1D567C0100395185 /* SecondViewController.swift */ = {isa = PBXFileReference; lastKnownFileType = sourcecode.swift; path = SecondViewController.swift; sourceTree = "<group>"; };
		5584D73E1D567C0200395185 /* Base */ = {isa = PBXFileReference; lastKnownFileType = file.storyboard; name = Base; path = Base.lproj/Main.storyboard; sourceTree = "<group>"; };
		5584D7401D567C0200395185 /* Assets.xcassets */ = {isa = PBXFileReference; lastKnownFileType = folder.assetcatalog; path = Assets.xcassets; sourceTree = "<group>"; };
		5584D7431D567C0200395185 /* Base */ = {isa = PBXFileReference; lastKnownFileType = file.storyboard; name = Base; path = Base.lproj/LaunchScreen.storyboard; sourceTree = "<group>"; };
		5584D7451D567C0200395185 /* Info.plist */ = {isa = PBXFileReference; lastKnownFileType = text.plist.xml; path = Info.plist; sourceTree = "<group>"; };
		5584D74A1D567C0200395185 /* To Do ListTests.xctest */ = {isa = PBXFileReference; explicitFileType = wrapper.cfbundle; includeInIndex = 0; path = "To Do ListTests.xctest"; sourceTree = BUILT_PRODUCTS_DIR; };
		5584D74E1D567C0200395185 /* To_Do_ListTests.swift */ = {isa = PBXFileReference; lastKnownFileType = sourcecode.swift; path = To_Do_ListTests.swift; sourceTree = "<group>"; };
		5584D7501D567C0200395185 /* Info.plist */ = {isa = PBXFileReference; lastKnownFileType = text.plist.xml; path = Info.plist; sourceTree = "<group>"; };
		5584D7551D567C0200395185 /* To Do ListUITests.xctest */ = {isa = PBXFileReference; explicitFileType = wrapper.cfbundle; includeInIndex = 0; path = "To Do ListUITests.xctest"; sourceTree = BUILT_PRODUCTS_DIR; };
		5584D7591D567C0200395185 /* To_Do_ListUITests.swift */ = {isa = PBXFileReference; lastKnownFileType = sourcecode.swift; path = To_Do_ListUITests.swift; sourceTree = "<group>"; };
		5584D75B1D567C0200395185 /* Info.plist */ = {isa = PBXFileReference; lastKnownFileType = text.plist.xml; path = Info.plist; sourceTree = "<group>"; };
/* End PBXFileReference section */

/* Begin PBXFrameworksBuildPhase section */
		5584D7311D567C0000395185 /* Frameworks */ = {
			isa = PBXFrameworksBuildPhase;
			buildActionMask = 2147483647;
			files = (
			);
			runOnlyForDeploymentPostprocessing = 0;
		};
		5584D7471D567C0200395185 /* Frameworks */ = {
			isa = PBXFrameworksBuildPhase;
			buildActionMask = 2147483647;
			files = (
			);
			runOnlyForDeploymentPostprocessing = 0;
		};
		5584D7521D567C0200395185 /* Frameworks */ = {
			isa = PBXFrameworksBuildPhase;
			buildActionMask = 2147483647;
			files = (
			);
			runOnlyForDeploymentPostprocessing = 0;
		};
/* End PBXFrameworksBuildPhase section */

/* Begin PBXGroup section */
		5584D72B1D567C0000395185 = {
			isa = PBXGroup;
			children = (
				5584D7361D567C0100395185 /* To Do List */,
				5584D74D1D567C0200395185 /* To Do ListTests */,
				5584D7581D567C0200395185 /* To Do ListUITests */,
				5584D7351D567C0100395185 /* Products */,
			);
			sourceTree = "<group>";
		};
		5584D7351D567C0100395185 /* Products */ = {
			isa = PBXGroup;
			children = (
				5584D7341D567C0100395185 /* To Do List.app */,
				5584D74A1D567C0200395185 /* To Do ListTests.xctest */,
				5584D7551D567C0200395185 /* To Do ListUITests.xctest */,
			);
			name = Products;
			sourceTree = "<group>";
		};
		5584D7361D567C0100395185 /* To Do List */ = {
			isa = PBXGroup;
			children = (
				5584D7371D567C0100395185 /* AppDelegate.swift */,
				5584D7391D567C0100395185 /* FirstViewController.swift */,
				5584D73B1D567C0100395185 /* SecondViewController.swift */,
				5584D73D1D567C0200395185 /* Main.storyboard */,
				5584D7401D567C0200395185 /* Assets.xcassets */,
				5584D7421D567C0200395185 /* LaunchScreen.storyboard */,
				5584D7451D567C0200395185 /* Info.plist */,
			);
			path = "To Do List";
			sourceTree = "<group>";
		};
		5584D74D1D567C0200395185 /* To Do ListTests */ = {
			isa = PBXGroup;
			children = (
				5584D74E1D567C0200395185 /* To_Do_ListTests.swift */,
				5584D7501D567C0200395185 /* Info.plist */,
			);
			path = "To Do ListTests";
			sourceTree = "<group>";
		};
		5584D7581D567C0200395185 /* To Do ListUITests */ = {
			isa = PBXGroup;
			children = (
				5584D7591D567C0200395185 /* To_Do_ListUITests.swift */,
				5584D75B1D567C0200395185 /* Info.plist */,
			);
			path = "To Do ListUITests";
			sourceTree = "<group>";
		};
/* End PBXGroup section */

/* Begin PBXNativeTarget section */
		5584D7331D567C0000395185 /* To Do List */ = {
			isa = PBXNativeTarget;
			buildConfigurationList = 5584D75E1D567C0300395185 /* Build configuration list for PBXNativeTarget "To Do List" */;
			buildPhases = (
				5584D7301D567C0000395185 /* Sources */,
				5584D7311D567C0000395185 /* Frameworks */,
				5584D7321D567C0000395185 /* Resources */,
			);
			buildRules = (
			);
			dependencies = (
			);
			name = "To Do List";
			productName = "To Do List";
			productReference = 5584D7341D567C0100395185 /* To Do List.app */;
			productType = "com.apple.product-type.application";
		};
		5584D7491D567C0200395185 /* To Do ListTests */ = {
			isa = PBXNativeTarget;
			buildConfigurationList = 5584D7611D567C0300395185 /* Build configuration list for PBXNativeTarget "To Do ListTests" */;
			buildPhases = (
				5584D7461D567C0200395185 /* Sources */,
				5584D7471D567C0200395185 /* Frameworks */,
				5584D7481D567C0200395185 /* Resources */,
			);
			buildRules = (
			);
			dependencies = (
				5584D74C1D567C0200395185 /* PBXTargetDependency */,
			);
			name = "To Do ListTests";
			productName = "To Do ListTests";
			productReference = 5584D74A1D567C0200395185 /* To Do ListTests.xctest */;
			productType = "com.apple.product-type.bundle.unit-test";
		};
		5584D7541D567C0200395185 /* To Do ListUITests */ = {
			isa = PBXNativeTarget;
			buildConfigurationList = 5584D7641D567C0300395185 /* Build configuration list for PBXNativeTarget "To Do ListUITests" */;
			buildPhases = (
				5584D7511D567C0200395185 /* Sources */,
				5584D7521D567C0200395185 /* Frameworks */,
				5584D7531D567C0200395185 /* Resources */,
			);
			buildRules = (
			);
			dependencies = (
				5584D7571D567C0200395185 /* PBXTargetDependency */,
			);
			name = "To Do ListUITests";
			productName = "To Do ListUITests";
			productReference = 5584D7551D567C0200395185 /* To Do ListUITests.xctest */;
			productType = "com.apple.product-type.bundle.ui-testing";
		};
/* End PBXNativeTarget section */

/* Begin PBXProject section */
		5584D72C1D567C0000395185 /* Project object */ = {
			isa = PBXProject;
			attributes = {
				LastSwiftUpdateCheck = 0730;
				LastUpgradeCheck = 0730;
				ORGANIZATIONNAME = "Pranav Bhandari";
				TargetAttributes = {
					5584D7331D567C0000395185 = {
						CreatedOnToolsVersion = 7.3.1;
					};
					5584D7491D567C0200395185 = {
						CreatedOnToolsVersion = 7.3.1;
						TestTargetID = 5584D7331D567C0000395185;
					};
					5584D7541D567C0200395185 = {
						CreatedOnToolsVersion = 7.3.1;
						TestTargetID = 5584D7331D567C0000395185;
					};
				};
			};
			buildConfigurationList = 5584D72F1D567C0000395185 /* Build configuration list for PBXProject "To Do List" */;
			compatibilityVersion = "Xcode 3.2";
			developmentRegion = English;
			hasScannedForEncodings = 0;
			knownRegions = (
				en,
				Base,
			);
			mainGroup = 5584D72B1D567C0000395185;
			productRefGroup = 5584D7351D567C0100395185 /* Products */;
			projectDirPath = "";
			projectRoot = "";
			targets = (
				5584D7331D567C0000395185 /* To Do List */,
				5584D7491D567C0200395185 /* To Do ListTests */,
				5584D7541D567C0200395185 /* To Do ListUITests */,
			);
		};
/* End PBXProject section */

/* Begin PBXResourcesBuildPhase section */
		5584D7321D567C0000395185 /* Resources */ = {
			isa = PBXResourcesBuildPhase;
			buildActionMask = 2147483647;
			files = (
				5584D7441D567C0200395185 /* LaunchScreen.storyboard in Resources */,
				5584D7411D567C0200395185 /* Assets.xcassets in Resources */,
				5584D73F1D567C0200395185 /* Main.storyboard in Resources */,
			);
			runOnlyForDeploymentPostprocessing = 0;
		};
		5584D7481D567C0200395185 /* Resources */ = {
			isa = PBXResourcesBuildPhase;
			buildActionMask = 2147483647;
			files = (
			);
			runOnlyForDeploymentPostprocessing = 0;
		};
		5584D7531D567C0200395185 /* Resources */ = {
			isa = PBXResourcesBuildPhase;
			buildActionMask = 2147483647;
			files = (
			);
			runOnlyForDeploymentPostprocessing = 0;
		};
/* End PBXResourcesBuildPhase section */

/* Begin PBXSourcesBuildPhase section */
		5584D7301D567C0000395185 /* Sources */ = {
			isa = PBXSourcesBuildPhase;
			buildActionMask = 2147483647;
			files = (
				5584D73C1D567C0100395185 /* SecondViewController.swift in Sources */,
				5584D7381D567C0100395185 /* AppDelegate.swift in Sources */,
				5584D73A1D567C0100395185 /* FirstViewController.swift in Sources */,
			);
			runOnlyForDeploymentPostprocessing = 0;
		};
		5584D7461D567C0200395185 /* Sources */ = {
			isa = PBXSourcesBuildPhase;
			buildActionMask = 2147483647;
			files = (
				5584D74F1D567C0200395185 /* To_Do_ListTests.swift in Sources */,
			);
			runOnlyForDeploymentPostprocessing = 0;
		};
		5584D7511D567C0200395185 /* Sources */ = {
			isa = PBXSourcesBuildPhase;
			buildActionMask = 2147483647;
			files = (
				5584D75A1D567C0200395185 /* To_Do_ListUITests.swift in Sources */,
			);
			runOnlyForDeploymentPostprocessing = 0;
		};
/* End PBXSourcesBuildPhase section */

/* Begin PBXTargetDependency section */
		5584D74C1D567C0200395185 /* PBXTargetDependency */ = {
			isa = PBXTargetDependency;
			target = 5584D7331D567C0000395185 /* To Do List */;
			targetProxy = 5584D74B1D567C0200395185 /* PBXContainerItemProxy */;
		};
		5584D7571D567C0200395185 /* PBXTargetDependency */ = {
			isa = PBXTargetDependency;
			target = 5584D7331D567C0000395185 /* To Do List */;
			targetProxy = 5584D7561D567C0200395185 /* PBXContainerItemProxy */;
		};
/* End PBXTargetDependency section */

/* Begin PBXVariantGroup section */
		5584D73D1D567C0200395185 /* Main.storyboard */ = {
			isa = PBXVariantGroup;
			children = (
				5584D73E1D567C0200395185 /* Base */,
			);
			name = Main.storyboard;
			sourceTree = "<group>";
		};
		5584D7421D567C0200395185 /* LaunchScreen.storyboard */ = {
			isa = PBXVariantGroup;
			children = (
				5584D7431D567C0200395185 /* Base */,
			);
			name = LaunchScreen.storyboard;
			sourceTree = "<group>";
		};
/* End PBXVariantGroup section */

/* Begin XCBuildConfiguration section */
		5584D75C1D567C0300395185 /* Debug */ = {
			isa = XCBuildConfiguration;
			buildSettings = {
				ALWAYS_SEARCH_USER_PATHS = NO;
				CLANG_ANALYZER_NONNULL = YES;
				CLANG_CXX_LANGUAGE_STANDARD = "gnu++0x";
				CLANG_CXX_LIBRARY = "libc++";
				CLANG_ENABLE_MODULES = YES;
				CLANG_ENABLE_OBJC_ARC = YES;
				CLANG_WARN_BOOL_CONVERSION = YES;
				CLANG_WARN_CONSTANT_CONVERSION = YES;
				CLANG_WARN_DIRECT_OBJC_ISA_USAGE = YES_ERROR;
				CLANG_WARN_EMPTY_BODY = YES;
				CLANG_WARN_ENUM_CONVERSION = YES;
				CLANG_WARN_INT_CONVERSION = YES;
				CLANG_WARN_OBJC_ROOT_CLASS = YES_ERROR;
				CLANG_WARN_UNREACHABLE_CODE = YES;
				CLANG_WARN__DUPLICATE_METHOD_MATCH = YES;
				"CODE_SIGN_IDENTITY[sdk=iphoneos*]" = "iPhone Developer";
				COPY_PHASE_STRIP = NO;
				DEBUG_INFORMATION_FORMAT = dwarf;
				ENABLE_STRICT_OBJC_MSGSEND = YES;
				ENABLE_TESTABILITY = YES;
				GCC_C_LANGUAGE_STANDARD = gnu99;
				GCC_DYNAMIC_NO_PIC = NO;
				GCC_NO_COMMON_BLOCKS = YES;
				GCC_OPTIMIZATION_LEVEL = 0;
				GCC_PREPROCESSOR_DEFINITIONS = (
					"DEBUG=1",
					"$(inherited)",
				);
				GCC_WARN_64_TO_32_BIT_CONVERSION = YES;
				GCC_WARN_ABOUT_RETURN_TYPE = YES_ERROR;
				GCC_WARN_UNDECLARED_SELECTOR = YES;
				GCC_WARN_UNINITIALIZED_AUTOS = YES_AGGRESSIVE;
				GCC_WARN_UNUSED_FUNCTION = YES;
				GCC_WARN_UNUSED_VARIABLE = YES;
				IPHONEOS_DEPLOYMENT_TARGET = 9.3;
				MTL_ENABLE_DEBUG_INFO = YES;
				ONLY_ACTIVE_ARCH = YES;
				SDKROOT = iphoneos;
				SWIFT_OPTIMIZATION_LEVEL = "-Onone";
				TARGETED_DEVICE_FAMILY = "1,2";
			};
			name = Debug;
		};
		5584D75D1D567C0300395185 /* Release */ = {
			isa = XCBuildConfiguration;
			buildSettings = {
				ALWAYS_SEARCH_USER_PATHS = NO;
				CLANG_ANALYZER_NONNULL = YES;
				CLANG_CXX_LANGUAGE_STANDARD = "gnu++0x";
				CLANG_CXX_LIBRARY = "libc++";
				CLANG_ENABLE_MODULES = YES;
				CLANG_ENABLE_OBJC_ARC = YES;
				CLANG_WARN_BOOL_CONVERSION = YES;
				CLANG_WARN_CONSTANT_CONVERSION = YES;
				CLANG_WARN_DIRECT_OBJC_ISA_USAGE = YES_ERROR;
				CLANG_WARN_EMPTY_BODY = YES;
				CLANG_WARN_ENUM_CONVERSION = YES;
				CLANG_WARN_INT_CONVERSION = YES;
				CLANG_WARN_OBJC_ROOT_CLASS = YES_ERROR;
				CLANG_WARN_UNREACHABLE_CODE = YES;
				CLANG_WARN__DUPLICATE_METHOD_MATCH = YES;
				"CODE_SIGN_IDENTITY[sdk=iphoneos*]" = "iPhone Developer";
				COPY_PHASE_STRIP = NO;
				DEBUG_INFORMATION_FORMAT = "dwarf-with-dsym";
				ENABLE_NS_ASSERTIONS = NO;
				ENABLE_STRICT_OBJC_MSGSEND = YES;
				GCC_C_LANGUAGE_STANDARD = gnu99;
				GCC_NO_COMMON_BLOCKS = YES;
				GCC_WARN_64_TO_32_BIT_CONVERSION = YES;
				GCC_WARN_ABOUT_RETURN_TYPE = YES_ERROR;
				GCC_WARN_UNDECLARED_SELECTOR = YES;
				GCC_WARN_UNINITIALIZED_AUTOS = YES_AGGRESSIVE;
				GCC_WARN_UNUSED_FUNCTION = YES;
				GCC_WARN_UNUSED_VARIABLE = YES;
				IPHONEOS_DEPLOYMENT_TARGET = 9.3;
				MTL_ENABLE_DEBUG_INFO = NO;
				SDKROOT = iphoneos;
				TARGETED_DEVICE_FAMILY = "1,2";
				VALIDATE_PRODUCT = YES;
			};
			name = Release;
		};
		5584D75F1D567C0300395185 /* Debug */ = {
			isa = XCBuildConfiguration;
			buildSettings = {
				ASSETCATALOG_COMPILER_APPICON_NAME = AppIcon;
				INFOPLIST_FILE = "To Do List/Info.plist";
				LD_RUNPATH_SEARCH_PATHS = "$(inherited) @executable_path/Frameworks";
				PRODUCT_BUNDLE_IDENTIFIER = "com.pranav.To-Do-List";
				PRODUCT_NAME = "$(TARGET_NAME)";
			};
			name = Debug;
		};
		5584D7601D567C0300395185 /* Release */ = {
			isa = XCBuildConfiguration;
			buildSettings = {
				ASSETCATALOG_COMPILER_APPICON_NAME = AppIcon;
				INFOPLIST_FILE = "To Do List/Info.plist";
				LD_RUNPATH_SEARCH_PATHS = "$(inherited) @executable_path/Frameworks";
				PRODUCT_BUNDLE_IDENTIFIER = "com.pranav.To-Do-List";
				PRODUCT_NAME = "$(TARGET_NAME)";
			};
			name = Release;
		};
		5584D7621D567C0300395185 /* Debug */ = {
			isa = XCBuildConfiguration;
			buildSettings = {
				BUNDLE_LOADER = "$(TEST_HOST)";
				INFOPLIST_FILE = "To Do ListTests/Info.plist";
				LD_RUNPATH_SEARCH_PATHS = "$(inherited) @executable_path/Frameworks @loader_path/Frameworks";
				PRODUCT_BUNDLE_IDENTIFIER = "com.pranav.To-Do-ListTests";
				PRODUCT_NAME = "$(TARGET_NAME)";
				TEST_HOST = "$(BUILT_PRODUCTS_DIR)/To Do List.app/To Do List";
			};
			name = Debug;
		};
		5584D7631D567C0300395185 /* Release */ = {
			isa = XCBuildConfiguration;
			buildSettings = {
				BUNDLE_LOADER = "$(TEST_HOST)";
				INFOPLIST_FILE = "To Do ListTests/Info.plist";
				LD_RUNPATH_SEARCH_PATHS = "$(inherited) @executable_path/Frameworks @loader_path/Frameworks";
				PRODUCT_BUNDLE_IDENTIFIER = "com.pranav.To-Do-ListTests";
				PRODUCT_NAME = "$(TARGET_NAME)";
				TEST_HOST = "$(BUILT_PRODUCTS_DIR)/To Do List.app/To Do List";
			};
			name = Release;
		};
		5584D7651D567C0300395185 /* Debug */ = {
			isa = XCBuildConfiguration;
			buildSettings = {
				INFOPLIST_FILE = "To Do ListUITests/Info.plist";
				LD_RUNPATH_SEARCH_PATHS = "$(inherited) @executable_path/Frameworks @loader_path/Frameworks";
				PRODUCT_BUNDLE_IDENTIFIER = "com.pranav.To-Do-ListUITests";
				PRODUCT_NAME = "$(TARGET_NAME)";
				TEST_TARGET_NAME = "To Do List";
			};
			name = Debug;
		};
		5584D7661D567C0300395185 /* Release */ = {
			isa = XCBuildConfiguration;
			buildSettings = {
				INFOPLIST_FILE = "To Do ListUITests/Info.plist";
				LD_RUNPATH_SEARCH_PATHS = "$(inherited) @executable_path/Frameworks @loader_path/Frameworks";
				PRODUCT_BUNDLE_IDENTIFIER = "com.pranav.To-Do-ListUITests";
				PRODUCT_NAME = "$(TARGET_NAME)";
				TEST_TARGET_NAME = "To Do List";
			};
			name = Release;
		};
/* End XCBuildConfiguration section */

/* Begin XCConfigurationList section */
		5584D72F1D567C0000395185 /* Build configuration list for PBXProject "To Do List" */ = {
			isa = XCConfigurationList;
			buildConfigurations = (
				5584D75C1D567C0300395185 /* Debug */,
				5584D75D1D567C0300395185 /* Release */,
			);
			defaultConfigurationIsVisible = 0;
			defaultConfigurationName = Release;
		};
		5584D75E1D567C0300395185 /* Build configuration list for PBXNativeTarget "To Do List" */ = {
			isa = XCConfigurationList;
			buildConfigurations = (
				5584D75F1D567C0300395185 /* Debug */,
				5584D7601D567C0300395185 /* Release */,
			);
			defaultConfigurationIsVisible = 0;
		};
		5584D7611D567C0300395185 /* Build configuration list for PBXNativeTarget "To Do ListTests" */ = {
			isa = XCConfigurationList;
			buildConfigurations = (
				5584D7621D567C0300395185 /* Debug */,
				5584D7631D567C0300395185 /* Release */,
			);
			defaultConfigurationIsVisible = 0;
		};
		5584D7641D567C0300395185 /* Build configuration list for PBXNativeTarget "To Do ListUITests" */ = {
			isa = XCConfigurationList;
			buildConfigurations = (
				5584D7651D567C0300395185 /* Debug */,
				5584D7661D567C0300395185 /* Release */,
			);
			defaultConfigurationIsVisible = 0;
		};
/* End XCConfigurationList section */
	};
	rootObject = 5584D72C1D567C0000395185 /* Project object */;
}
